// !$*UTF8*$!
{
	archiveVersion = 1;
	classes = {
	};
	objectVersion = 50;
	objects = {

/* Begin PBXBuildFile section */
		7DDBCBAA235D93F9005A338F /* QuizEngine.framework in Frameworks */ = {isa = PBXBuildFile; fileRef = 7DDBCBA0235D93F9005A338F /* QuizEngine.framework */; };
		7DDBCBBB235D9522005A338F /* FlowTest.swift in Sources */ = {isa = PBXBuildFile; fileRef = 7DDBCBBA235D9522005A338F /* FlowTest.swift */; };
		7DDDD45D235D995300387806 /* Flow.swift in Sources */ = {isa = PBXBuildFile; fileRef = 7DDDD45C235D995300387806 /* Flow.swift */; };
		CA4E3842242F754D00358485 /* Router.swift in Sources */ = {isa = PBXBuildFile; fileRef = CA4E3841242F754D00358485 /* Router.swift */; };
		CA4E3844242F75D300358485 /* Results.swift in Sources */ = {isa = PBXBuildFile; fileRef = CA4E3843242F75D300358485 /* Results.swift */; };
		CA4E3846242F761100358485 /* RouterSpy.swift in Sources */ = {isa = PBXBuildFile; fileRef = CA4E3845242F761100358485 /* RouterSpy.swift */; };
		CA4E3848242F79AA00358485 /* GameTest.swift in Sources */ = {isa = PBXBuildFile; fileRef = CA4E3847242F79AA00358485 /* GameTest.swift */; };
		CA4E384A242F7B8700358485 /* Game.swift in Sources */ = {isa = PBXBuildFile; fileRef = CA4E3849242F7B8700358485 /* Game.swift */; };
		CA4E39022434DD7F00358485 /* QuizEngine.framework in Frameworks */ = {isa = PBXBuildFile; fileRef = CA4E38F92434DD7E00358485 /* QuizEngine.framework */; };
		CA4E39102434DDEE00358485 /* Game.swift in Sources */ = {isa = PBXBuildFile; fileRef = CA4E3849242F7B8700358485 /* Game.swift */; };
		CA4E39112434DDEE00358485 /* Flow.swift in Sources */ = {isa = PBXBuildFile; fileRef = 7DDDD45C235D995300387806 /* Flow.swift */; };
		CA4E39122434DDEE00358485 /* Router.swift in Sources */ = {isa = PBXBuildFile; fileRef = CA4E3841242F754D00358485 /* Router.swift */; };
		CA4E39132434DDEE00358485 /* Results.swift in Sources */ = {isa = PBXBuildFile; fileRef = CA4E3843242F75D300358485 /* Results.swift */; };
		CA4E39142434DDF500358485 /* FlowTest.swift in Sources */ = {isa = PBXBuildFile; fileRef = 7DDBCBBA235D9522005A338F /* FlowTest.swift */; };
		CA4E39152434DDF500358485 /* RouterSpy.swift in Sources */ = {isa = PBXBuildFile; fileRef = CA4E3845242F761100358485 /* RouterSpy.swift */; };
		CA4E39162434DDF500358485 /* GameTest.swift in Sources */ = {isa = PBXBuildFile; fileRef = CA4E3847242F79AA00358485 /* GameTest.swift */; };
		CA6A382F2468A7D900D3E269 /* Question.swift in Sources */ = {isa = PBXBuildFile; fileRef = CA6A382E2468A7D900D3E269 /* Question.swift */; };
		CA6A38302468A7D900D3E269 /* Question.swift in Sources */ = {isa = PBXBuildFile; fileRef = CA6A382E2468A7D900D3E269 /* Question.swift */; };
/* End PBXBuildFile section */

/* Begin PBXContainerItemProxy section */
		7DDBCBAB235D93F9005A338F /* PBXContainerItemProxy */ = {
			isa = PBXContainerItemProxy;
			containerPortal = 7DDBCB97235D93F8005A338F /* Project object */;
			proxyType = 1;
			remoteGlobalIDString = 7DDBCB9F235D93F9005A338F;
			remoteInfo = QuizEngine;
		};
		CA4E39032434DD7F00358485 /* PBXContainerItemProxy */ = {
			isa = PBXContainerItemProxy;
			containerPortal = 7DDBCB97235D93F8005A338F /* Project object */;
			proxyType = 1;
			remoteGlobalIDString = CA4E38F82434DD7E00358485;
			remoteInfo = QuizEngine_iOS;
		};
/* End PBXContainerItemProxy section */

/* Begin PBXFileReference section */
		7DDBCBA0235D93F9005A338F /* QuizEngine.framework */ = {isa = PBXFileReference; explicitFileType = wrapper.framework; includeInIndex = 0; path = QuizEngine.framework; sourceTree = BUILT_PRODUCTS_DIR; };
		7DDBCBA4235D93F9005A338F /* Info.plist */ = {isa = PBXFileReference; lastKnownFileType = text.plist.xml; path = Info.plist; sourceTree = "<group>"; };
		7DDBCBA9235D93F9005A338F /* QuizEngineTests.xctest */ = {isa = PBXFileReference; explicitFileType = wrapper.cfbundle; includeInIndex = 0; path = QuizEngineTests.xctest; sourceTree = BUILT_PRODUCTS_DIR; };
		7DDBCBB0235D93F9005A338F /* Info.plist */ = {isa = PBXFileReference; lastKnownFileType = text.plist.xml; path = Info.plist; sourceTree = "<group>"; };
		7DDBCBBA235D9522005A338F /* FlowTest.swift */ = {isa = PBXFileReference; lastKnownFileType = sourcecode.swift; path = FlowTest.swift; sourceTree = "<group>"; };
		7DDDD45C235D995300387806 /* Flow.swift */ = {isa = PBXFileReference; lastKnownFileType = sourcecode.swift; path = Flow.swift; sourceTree = "<group>"; };
		CA4E3841242F754D00358485 /* Router.swift */ = {isa = PBXFileReference; lastKnownFileType = sourcecode.swift; path = Router.swift; sourceTree = "<group>"; };
		CA4E3843242F75D300358485 /* Results.swift */ = {isa = PBXFileReference; lastKnownFileType = sourcecode.swift; path = Results.swift; sourceTree = "<group>"; };
		CA4E3845242F761100358485 /* RouterSpy.swift */ = {isa = PBXFileReference; lastKnownFileType = sourcecode.swift; path = RouterSpy.swift; sourceTree = "<group>"; };
		CA4E3847242F79AA00358485 /* GameTest.swift */ = {isa = PBXFileReference; lastKnownFileType = sourcecode.swift; path = GameTest.swift; sourceTree = "<group>"; };
		CA4E3849242F7B8700358485 /* Game.swift */ = {isa = PBXFileReference; lastKnownFileType = sourcecode.swift; path = Game.swift; sourceTree = "<group>"; };
		CA4E38F92434DD7E00358485 /* QuizEngine.framework */ = {isa = PBXFileReference; explicitFileType = wrapper.framework; includeInIndex = 0; path = QuizEngine.framework; sourceTree = BUILT_PRODUCTS_DIR; };
		CA4E39012434DD7F00358485 /* QuizEngineTests.xctest */ = {isa = PBXFileReference; explicitFileType = wrapper.cfbundle; includeInIndex = 0; path = QuizEngineTests.xctest; sourceTree = BUILT_PRODUCTS_DIR; };
		CA6A382E2468A7D900D3E269 /* Question.swift */ = {isa = PBXFileReference; fileEncoding = 4; lastKnownFileType = sourcecode.swift; path = Question.swift; sourceTree = "<group>"; };
/* End PBXFileReference section */

/* Begin PBXFrameworksBuildPhase section */
		7DDBCB9D235D93F9005A338F /* Frameworks */ = {
			isa = PBXFrameworksBuildPhase;
			buildActionMask = 2147483647;
			files = (
			);
			runOnlyForDeploymentPostprocessing = 0;
		};
		7DDBCBA6235D93F9005A338F /* Frameworks */ = {
			isa = PBXFrameworksBuildPhase;
			buildActionMask = 2147483647;
			files = (
				7DDBCBAA235D93F9005A338F /* QuizEngine.framework in Frameworks */,
			);
			runOnlyForDeploymentPostprocessing = 0;
		};
		CA4E38F62434DD7E00358485 /* Frameworks */ = {
			isa = PBXFrameworksBuildPhase;
			buildActionMask = 2147483647;
			files = (
			);
			runOnlyForDeploymentPostprocessing = 0;
		};
		CA4E38FE2434DD7F00358485 /* Frameworks */ = {
			isa = PBXFrameworksBuildPhase;
			buildActionMask = 2147483647;
			files = (
				CA4E39022434DD7F00358485 /* QuizEngine.framework in Frameworks */,
			);
			runOnlyForDeploymentPostprocessing = 0;
		};
/* End PBXFrameworksBuildPhase section */

/* Begin PBXGroup section */
		7DDBCB96235D93F8005A338F = {
			isa = PBXGroup;
			children = (
				7DDBCBA2235D93F9005A338F /* QuizEngine */,
				7DDBCBAD235D93F9005A338F /* QuizEngineTests */,
				7DDBCBA1235D93F9005A338F /* Products */,
			);
			sourceTree = "<group>";
		};
		7DDBCBA1235D93F9005A338F /* Products */ = {
			isa = PBXGroup;
			children = (
				7DDBCBA0235D93F9005A338F /* QuizEngine.framework */,
				7DDBCBA9235D93F9005A338F /* QuizEngineTests.xctest */,
				CA4E38F92434DD7E00358485 /* QuizEngine.framework */,
				CA4E39012434DD7F00358485 /* QuizEngineTests.xctest */,
			);
			name = Products;
			sourceTree = "<group>";
		};
		7DDBCBA2235D93F9005A338F /* QuizEngine */ = {
			isa = PBXGroup;
			children = (
				7DDBCBA4235D93F9005A338F /* Info.plist */,
				CA4E3849242F7B8700358485 /* Game.swift */,
				7DDDD45C235D995300387806 /* Flow.swift */,
				CA4E3841242F754D00358485 /* Router.swift */,
				CA4E3843242F75D300358485 /* Results.swift */,
				CA6A382E2468A7D900D3E269 /* Question.swift */,
			);
			path = QuizEngine;
			sourceTree = "<group>";
		};
		7DDBCBAD235D93F9005A338F /* QuizEngineTests */ = {
			isa = PBXGroup;
			children = (
				7DDBCBB0235D93F9005A338F /* Info.plist */,
				7DDBCBBA235D9522005A338F /* FlowTest.swift */,
				CA4E3845242F761100358485 /* RouterSpy.swift */,
				CA4E3847242F79AA00358485 /* GameTest.swift */,
			);
			path = QuizEngineTests;
			sourceTree = "<group>";
		};
/* End PBXGroup section */

/* Begin PBXHeadersBuildPhase section */
		7DDBCB9B235D93F9005A338F /* Headers */ = {
			isa = PBXHeadersBuildPhase;
			buildActionMask = 2147483647;
			files = (
			);
			runOnlyForDeploymentPostprocessing = 0;
		};
		CA4E38F42434DD7E00358485 /* Headers */ = {
			isa = PBXHeadersBuildPhase;
			buildActionMask = 2147483647;
			files = (
			);
			runOnlyForDeploymentPostprocessing = 0;
		};
/* End PBXHeadersBuildPhase section */

/* Begin PBXNativeTarget section */
		7DDBCB9F235D93F9005A338F /* QuizEngine */ = {
			isa = PBXNativeTarget;
			buildConfigurationList = 7DDBCBB4235D93F9005A338F /* Build configuration list for PBXNativeTarget "QuizEngine" */;
			buildPhases = (
				7DDBCB9B235D93F9005A338F /* Headers */,
				7DDBCB9C235D93F9005A338F /* Sources */,
				7DDBCB9D235D93F9005A338F /* Frameworks */,
				7DDBCB9E235D93F9005A338F /* Resources */,
			);
			buildRules = (
			);
			dependencies = (
			);
			name = QuizEngine;
			productName = QuizEngine;
			productReference = 7DDBCBA0235D93F9005A338F /* QuizEngine.framework */;
			productType = "com.apple.product-type.framework";
		};
		7DDBCBA8235D93F9005A338F /* QuizEngineTests */ = {
			isa = PBXNativeTarget;
			buildConfigurationList = 7DDBCBB7235D93F9005A338F /* Build configuration list for PBXNativeTarget "QuizEngineTests" */;
			buildPhases = (
				7DDBCBA5235D93F9005A338F /* Sources */,
				7DDBCBA6235D93F9005A338F /* Frameworks */,
				7DDBCBA7235D93F9005A338F /* Resources */,
			);
			buildRules = (
			);
			dependencies = (
				7DDBCBAC235D93F9005A338F /* PBXTargetDependency */,
			);
			name = QuizEngineTests;
			productName = QuizEngineTests;
			productReference = 7DDBCBA9235D93F9005A338F /* QuizEngineTests.xctest */;
			productType = "com.apple.product-type.bundle.unit-test";
		};
		CA4E38F82434DD7E00358485 /* QuizEngine_iOS */ = {
			isa = PBXNativeTarget;
			buildConfigurationList = CA4E390A2434DD7F00358485 /* Build configuration list for PBXNativeTarget "QuizEngine_iOS" */;
			buildPhases = (
				CA4E38F42434DD7E00358485 /* Headers */,
				CA4E38F52434DD7E00358485 /* Sources */,
				CA4E38F62434DD7E00358485 /* Frameworks */,
				CA4E38F72434DD7E00358485 /* Resources */,
			);
			buildRules = (
			);
			dependencies = (
			);
			name = QuizEngine_iOS;
			productName = QuizEngine_iOS;
			productReference = CA4E38F92434DD7E00358485 /* QuizEngine.framework */;
			productType = "com.apple.product-type.framework";
		};
		CA4E39002434DD7F00358485 /* QuizEngine_iOSTests */ = {
			isa = PBXNativeTarget;
			buildConfigurationList = CA4E390D2434DD7F00358485 /* Build configuration list for PBXNativeTarget "QuizEngine_iOSTests" */;
			buildPhases = (
				CA4E38FD2434DD7F00358485 /* Sources */,
				CA4E38FE2434DD7F00358485 /* Frameworks */,
				CA4E38FF2434DD7F00358485 /* Resources */,
			);
			buildRules = (
			);
			dependencies = (
				CA4E39042434DD7F00358485 /* PBXTargetDependency */,
			);
			name = QuizEngine_iOSTests;
			productName = QuizEngine_iOSTests;
			productReference = CA4E39012434DD7F00358485 /* QuizEngineTests.xctest */;
			productType = "com.apple.product-type.bundle.unit-test";
		};
/* End PBXNativeTarget section */

/* Begin PBXProject section */
		7DDBCB97235D93F8005A338F /* Project object */ = {
			isa = PBXProject;
			attributes = {
				LastSwiftUpdateCheck = 1140;
				LastUpgradeCheck = 1010;
				ORGANIZATIONNAME = Sergiu;
				TargetAttributes = {
					7DDBCB9F235D93F9005A338F = {
						CreatedOnToolsVersion = 10.1;
						LastSwiftMigration = 1130;
					};
					7DDBCBA8235D93F9005A338F = {
						CreatedOnToolsVersion = 10.1;
						LastSwiftMigration = 1130;
					};
					CA4E38F82434DD7E00358485 = {
						CreatedOnToolsVersion = 11.4;
					};
					CA4E39002434DD7F00358485 = {
						CreatedOnToolsVersion = 11.4;
					};
				};
			};
			buildConfigurationList = 7DDBCB9A235D93F8005A338F /* Build configuration list for PBXProject "QuizEngine" */;
			compatibilityVersion = "Xcode 9.3";
			developmentRegion = en;
			hasScannedForEncodings = 0;
			knownRegions = (
				en,
				Base,
			);
			mainGroup = 7DDBCB96235D93F8005A338F;
			productRefGroup = 7DDBCBA1235D93F9005A338F /* Products */;
			projectDirPath = "";
			projectRoot = "";
			targets = (
				7DDBCB9F235D93F9005A338F /* QuizEngine */,
				7DDBCBA8235D93F9005A338F /* QuizEngineTests */,
				CA4E38F82434DD7E00358485 /* QuizEngine_iOS */,
				CA4E39002434DD7F00358485 /* QuizEngine_iOSTests */,
			);
		};
/* End PBXProject section */

/* Begin PBXResourcesBuildPhase section */
		7DDBCB9E235D93F9005A338F /* Resources */ = {
			isa = PBXResourcesBuildPhase;
			buildActionMask = 2147483647;
			files = (
			);
			runOnlyForDeploymentPostprocessing = 0;
		};
		7DDBCBA7235D93F9005A338F /* Resources */ = {
			isa = PBXResourcesBuildPhase;
			buildActionMask = 2147483647;
			files = (
			);
			runOnlyForDeploymentPostprocessing = 0;
		};
		CA4E38F72434DD7E00358485 /* Resources */ = {
			isa = PBXResourcesBuildPhase;
			buildActionMask = 2147483647;
			files = (
			);
			runOnlyForDeploymentPostprocessing = 0;
		};
		CA4E38FF2434DD7F00358485 /* Resources */ = {
			isa = PBXResourcesBuildPhase;
			buildActionMask = 2147483647;
			files = (
			);
			runOnlyForDeploymentPostprocessing = 0;
		};
/* End PBXResourcesBuildPhase section */

/* Begin PBXSourcesBuildPhase section */
		7DDBCB9C235D93F9005A338F /* Sources */ = {
			isa = PBXSourcesBuildPhase;
			buildActionMask = 2147483647;
			files = (
				CA6A382F2468A7D900D3E269 /* Question.swift in Sources */,
				CA4E3844242F75D300358485 /* Results.swift in Sources */,
				CA4E3842242F754D00358485 /* Router.swift in Sources */,
				7DDDD45D235D995300387806 /* Flow.swift in Sources */,
				CA4E384A242F7B8700358485 /* Game.swift in Sources */,
			);
			runOnlyForDeploymentPostprocessing = 0;
		};
		7DDBCBA5235D93F9005A338F /* Sources */ = {
			isa = PBXSourcesBuildPhase;
			buildActionMask = 2147483647;
			files = (
				7DDBCBBB235D9522005A338F /* FlowTest.swift in Sources */,
				CA4E3846242F761100358485 /* RouterSpy.swift in Sources */,
				CA4E3848242F79AA00358485 /* GameTest.swift in Sources */,
			);
			runOnlyForDeploymentPostprocessing = 0;
		};
		CA4E38F52434DD7E00358485 /* Sources */ = {
			isa = PBXSourcesBuildPhase;
			buildActionMask = 2147483647;
			files = (
				CA6A38302468A7D900D3E269 /* Question.swift in Sources */,
				CA4E39102434DDEE00358485 /* Game.swift in Sources */,
				CA4E39122434DDEE00358485 /* Router.swift in Sources */,
				CA4E39132434DDEE00358485 /* Results.swift in Sources */,
				CA4E39112434DDEE00358485 /* Flow.swift in Sources */,
			);
			runOnlyForDeploymentPostprocessing = 0;
		};
		CA4E38FD2434DD7F00358485 /* Sources */ = {
			isa = PBXSourcesBuildPhase;
			buildActionMask = 2147483647;
			files = (
				CA4E39142434DDF500358485 /* FlowTest.swift in Sources */,
				CA4E39152434DDF500358485 /* RouterSpy.swift in Sources */,
				CA4E39162434DDF500358485 /* GameTest.swift in Sources */,
			);
			runOnlyForDeploymentPostprocessing = 0;
		};
/* End PBXSourcesBuildPhase section */

/* Begin PBXTargetDependency section */
		7DDBCBAC235D93F9005A338F /* PBXTargetDependency */ = {
			isa = PBXTargetDependency;
			target = 7DDBCB9F235D93F9005A338F /* QuizEngine */;
			targetProxy = 7DDBCBAB235D93F9005A338F /* PBXContainerItemProxy */;
		};
		CA4E39042434DD7F00358485 /* PBXTargetDependency */ = {
			isa = PBXTargetDependency;
			target = CA4E38F82434DD7E00358485 /* QuizEngine_iOS */;
			targetProxy = CA4E39032434DD7F00358485 /* PBXContainerItemProxy */;
		};
/* End PBXTargetDependency section */

/* Begin XCBuildConfiguration section */
		7DDBCBB2235D93F9005A338F /* Debug */ = {
			isa = XCBuildConfiguration;
			buildSettings = {
				ALWAYS_SEARCH_USER_PATHS = NO;
				CLANG_ANALYZER_NONNULL = YES;
				CLANG_ANALYZER_NUMBER_OBJECT_CONVERSION = YES_AGGRESSIVE;
				CLANG_CXX_LANGUAGE_STANDARD = "gnu++14";
				CLANG_CXX_LIBRARY = "libc++";
				CLANG_ENABLE_MODULES = YES;
				CLANG_ENABLE_OBJC_ARC = YES;
				CLANG_ENABLE_OBJC_WEAK = YES;
				CLANG_WARN_BLOCK_CAPTURE_AUTORELEASING = YES;
				CLANG_WARN_BOOL_CONVERSION = YES;
				CLANG_WARN_COMMA = YES;
				CLANG_WARN_CONSTANT_CONVERSION = YES;
				CLANG_WARN_DEPRECATED_OBJC_IMPLEMENTATIONS = YES;
				CLANG_WARN_DIRECT_OBJC_ISA_USAGE = YES_ERROR;
				CLANG_WARN_DOCUMENTATION_COMMENTS = YES;
				CLANG_WARN_EMPTY_BODY = YES;
				CLANG_WARN_ENUM_CONVERSION = YES;
				CLANG_WARN_INFINITE_RECURSION = YES;
				CLANG_WARN_INT_CONVERSION = YES;
				CLANG_WARN_NON_LITERAL_NULL_CONVERSION = YES;
				CLANG_WARN_OBJC_IMPLICIT_RETAIN_SELF = YES;
				CLANG_WARN_OBJC_LITERAL_CONVERSION = YES;
				CLANG_WARN_OBJC_ROOT_CLASS = YES_ERROR;
				CLANG_WARN_RANGE_LOOP_ANALYSIS = YES;
				CLANG_WARN_STRICT_PROTOTYPES = YES;
				CLANG_WARN_SUSPICIOUS_MOVE = YES;
				CLANG_WARN_UNGUARDED_AVAILABILITY = YES_AGGRESSIVE;
				CLANG_WARN_UNREACHABLE_CODE = YES;
				CLANG_WARN__DUPLICATE_METHOD_MATCH = YES;
				CODE_SIGN_IDENTITY = "Mac Developer";
				COPY_PHASE_STRIP = NO;
				CURRENT_PROJECT_VERSION = 1;
				DEBUG_INFORMATION_FORMAT = dwarf;
				ENABLE_STRICT_OBJC_MSGSEND = YES;
				ENABLE_TESTABILITY = YES;
				GCC_C_LANGUAGE_STANDARD = gnu11;
				GCC_DYNAMIC_NO_PIC = NO;
				GCC_NO_COMMON_BLOCKS = YES;
				GCC_OPTIMIZATION_LEVEL = 0;
				GCC_PREPROCESSOR_DEFINITIONS = (
					"DEBUG=1",
					"$(inherited)",
				);
				GCC_WARN_64_TO_32_BIT_CONVERSION = YES;
				GCC_WARN_ABOUT_RETURN_TYPE = YES_ERROR;
				GCC_WARN_UNDECLARED_SELECTOR = YES;
				GCC_WARN_UNINITIALIZED_AUTOS = YES_AGGRESSIVE;
				GCC_WARN_UNUSED_FUNCTION = YES;
				GCC_WARN_UNUSED_VARIABLE = YES;
				MACOSX_DEPLOYMENT_TARGET = 10.15;
				MTL_ENABLE_DEBUG_INFO = INCLUDE_SOURCE;
				MTL_FAST_MATH = YES;
				ONLY_ACTIVE_ARCH = YES;
				SDKROOT = macosx;
				SWIFT_ACTIVE_COMPILATION_CONDITIONS = DEBUG;
				SWIFT_OPTIMIZATION_LEVEL = "-Onone";
				VERSIONING_SYSTEM = "apple-generic";
				VERSION_INFO_PREFIX = "";
			};
			name = Debug;
		};
		7DDBCBB3235D93F9005A338F /* Release */ = {
			isa = XCBuildConfiguration;
			buildSettings = {
				ALWAYS_SEARCH_USER_PATHS = NO;
				CLANG_ANALYZER_NONNULL = YES;
				CLANG_ANALYZER_NUMBER_OBJECT_CONVERSION = YES_AGGRESSIVE;
				CLANG_CXX_LANGUAGE_STANDARD = "gnu++14";
				CLANG_CXX_LIBRARY = "libc++";
				CLANG_ENABLE_MODULES = YES;
				CLANG_ENABLE_OBJC_ARC = YES;
				CLANG_ENABLE_OBJC_WEAK = YES;
				CLANG_WARN_BLOCK_CAPTURE_AUTORELEASING = YES;
				CLANG_WARN_BOOL_CONVERSION = YES;
				CLANG_WARN_COMMA = YES;
				CLANG_WARN_CONSTANT_CONVERSION = YES;
				CLANG_WARN_DEPRECATED_OBJC_IMPLEMENTATIONS = YES;
				CLANG_WARN_DIRECT_OBJC_ISA_USAGE = YES_ERROR;
				CLANG_WARN_DOCUMENTATION_COMMENTS = YES;
				CLANG_WARN_EMPTY_BODY = YES;
				CLANG_WARN_ENUM_CONVERSION = YES;
				CLANG_WARN_INFINITE_RECURSION = YES;
				CLANG_WARN_INT_CONVERSION = YES;
				CLANG_WARN_NON_LITERAL_NULL_CONVERSION = YES;
				CLANG_WARN_OBJC_IMPLICIT_RETAIN_SELF = YES;
				CLANG_WARN_OBJC_LITERAL_CONVERSION = YES;
				CLANG_WARN_OBJC_ROOT_CLASS = YES_ERROR;
				CLANG_WARN_RANGE_LOOP_ANALYSIS = YES;
				CLANG_WARN_STRICT_PROTOTYPES = YES;
				CLANG_WARN_SUSPICIOUS_MOVE = YES;
				CLANG_WARN_UNGUARDED_AVAILABILITY = YES_AGGRESSIVE;
				CLANG_WARN_UNREACHABLE_CODE = YES;
				CLANG_WARN__DUPLICATE_METHOD_MATCH = YES;
				CODE_SIGN_IDENTITY = "Mac Developer";
				COPY_PHASE_STRIP = NO;
				CURRENT_PROJECT_VERSION = 1;
				DEBUG_INFORMATION_FORMAT = "dwarf-with-dsym";
				ENABLE_NS_ASSERTIONS = NO;
				ENABLE_STRICT_OBJC_MSGSEND = YES;
				GCC_C_LANGUAGE_STANDARD = gnu11;
				GCC_NO_COMMON_BLOCKS = YES;
				GCC_WARN_64_TO_32_BIT_CONVERSION = YES;
				GCC_WARN_ABOUT_RETURN_TYPE = YES_ERROR;
				GCC_WARN_UNDECLARED_SELECTOR = YES;
				GCC_WARN_UNINITIALIZED_AUTOS = YES_AGGRESSIVE;
				GCC_WARN_UNUSED_FUNCTION = YES;
				GCC_WARN_UNUSED_VARIABLE = YES;
				MACOSX_DEPLOYMENT_TARGET = 10.15;
				MTL_ENABLE_DEBUG_INFO = NO;
				MTL_FAST_MATH = YES;
				SDKROOT = macosx;
				SWIFT_COMPILATION_MODE = wholemodule;
				SWIFT_OPTIMIZATION_LEVEL = "-O";
				VERSIONING_SYSTEM = "apple-generic";
				VERSION_INFO_PREFIX = "";
			};
			name = Release;
		};
		7DDBCBB5235D93F9005A338F /* Debug */ = {
			isa = XCBuildConfiguration;
			buildSettings = {
				CLANG_ENABLE_MODULES = YES;
				CODE_SIGN_IDENTITY = "";
				CODE_SIGN_STYLE = Automatic;
				COMBINE_HIDPI_IMAGES = YES;
				DEFINES_MODULE = YES;
				DEVELOPMENT_TEAM = YTY3T23FT4;
				DYLIB_COMPATIBILITY_VERSION = 1;
				DYLIB_CURRENT_VERSION = 1;
				DYLIB_INSTALL_NAME_BASE = "@rpath";
				FRAMEWORK_VERSION = A;
				INFOPLIST_FILE = QuizEngine/Info.plist;
				INSTALL_PATH = "$(LOCAL_LIBRARY_DIR)/Frameworks";
				LD_RUNPATH_SEARCH_PATHS = (
					"$(inherited)",
					"@executable_path/../Frameworks",
					"@loader_path/Frameworks",
				);
				MACOSX_DEPLOYMENT_TARGET = 10.15;
				PRODUCT_BUNDLE_IDENTIFIER = sergiusuru.QuizEngine;
				PRODUCT_NAME = QuizEngine;
				SKIP_INSTALL = YES;
				SWIFT_OPTIMIZATION_LEVEL = "-Onone";
				SWIFT_VERSION = 5.0;
			};
			name = Debug;
		};
		7DDBCBB6235D93F9005A338F /* Release */ = {
			isa = XCBuildConfiguration;
			buildSettings = {
				CLANG_ENABLE_MODULES = YES;
				CODE_SIGN_IDENTITY = "";
				CODE_SIGN_STYLE = Automatic;
				COMBINE_HIDPI_IMAGES = YES;
				DEFINES_MODULE = YES;
				DEVELOPMENT_TEAM = YTY3T23FT4;
				DYLIB_COMPATIBILITY_VERSION = 1;
				DYLIB_CURRENT_VERSION = 1;
				DYLIB_INSTALL_NAME_BASE = "@rpath";
				FRAMEWORK_VERSION = A;
				INFOPLIST_FILE = QuizEngine/Info.plist;
				INSTALL_PATH = "$(LOCAL_LIBRARY_DIR)/Frameworks";
				LD_RUNPATH_SEARCH_PATHS = (
					"$(inherited)",
					"@executable_path/../Frameworks",
					"@loader_path/Frameworks",
				);
				MACOSX_DEPLOYMENT_TARGET = 10.15;
				PRODUCT_BUNDLE_IDENTIFIER = sergiusuru.QuizEngine;
				PRODUCT_NAME = QuizEngine;
				SKIP_INSTALL = YES;
				SWIFT_VERSION = 5.0;
			};
			name = Release;
		};
		7DDBCBB8235D93F9005A338F /* Debug */ = {
			isa = XCBuildConfiguration;
			buildSettings = {
				ALWAYS_EMBED_SWIFT_STANDARD_LIBRARIES = YES;
				CLANG_ENABLE_MODULES = YES;
				CODE_SIGN_STYLE = Automatic;
				COMBINE_HIDPI_IMAGES = YES;
				DEVELOPMENT_TEAM = YTY3T23FT4;
				INFOPLIST_FILE = QuizEngineTests/Info.plist;
				LD_RUNPATH_SEARCH_PATHS = (
					"$(inherited)",
					"@executable_path/../Frameworks",
					"@loader_path/../Frameworks",
				);
				PRODUCT_BUNDLE_IDENTIFIER = sergiusuru.QuizEngineTests;
				PRODUCT_NAME = "$(TARGET_NAME)";
				SWIFT_OPTIMIZATION_LEVEL = "-Onone";
				SWIFT_VERSION = 5.0;
			};
			name = Debug;
		};
		7DDBCBB9235D93F9005A338F /* Release */ = {
			isa = XCBuildConfiguration;
			buildSettings = {
				ALWAYS_EMBED_SWIFT_STANDARD_LIBRARIES = YES;
				CLANG_ENABLE_MODULES = YES;
				CODE_SIGN_STYLE = Automatic;
				COMBINE_HIDPI_IMAGES = YES;
				DEVELOPMENT_TEAM = YTY3T23FT4;
				INFOPLIST_FILE = QuizEngineTests/Info.plist;
				LD_RUNPATH_SEARCH_PATHS = (
					"$(inherited)",
					"@executable_path/../Frameworks",
					"@loader_path/../Frameworks",
				);
				PRODUCT_BUNDLE_IDENTIFIER = sergiusuru.QuizEngineTests;
				PRODUCT_NAME = "$(TARGET_NAME)";
				SWIFT_VERSION = 5.0;
			};
			name = Release;
		};
		CA4E390B2434DD7F00358485 /* Debug */ = {
			isa = XCBuildConfiguration;
			buildSettings = {
				CODE_SIGN_STYLE = Automatic;
				DEFINES_MODULE = YES;
				DEVELOPMENT_TEAM = YTY3T23FT4;
				DYLIB_COMPATIBILITY_VERSION = 1;
				DYLIB_CURRENT_VERSION = 1;
				DYLIB_INSTALL_NAME_BASE = "@rpath";
				INFOPLIST_FILE = QuizEngine/Info.plist;
				INSTALL_PATH = "$(LOCAL_LIBRARY_DIR)/Frameworks";
				IPHONEOS_DEPLOYMENT_TARGET = 13.4;
				LD_RUNPATH_SEARCH_PATHS = (
					"$(inherited)",
					"@executable_path/Frameworks",
					"@loader_path/Frameworks",
				);
				PRODUCT_BUNDLE_IDENTIFIER = "seboss.QuizEngine-iOS";
				PRODUCT_NAME = QuizEngine;
				SDKROOT = iphoneos;
				SKIP_INSTALL = YES;
				SUPPORTS_MACCATALYST = YES;
				SWIFT_VERSION = 5.0;
				TARGETED_DEVICE_FAMILY = "1,2";
			};
			name = Debug;
		};
		CA4E390C2434DD7F00358485 /* Release */ = {
			isa = XCBuildConfiguration;
			buildSettings = {
				CODE_SIGN_STYLE = Automatic;
				DEFINES_MODULE = YES;
				DEVELOPMENT_TEAM = YTY3T23FT4;
				DYLIB_COMPATIBILITY_VERSION = 1;
				DYLIB_CURRENT_VERSION = 1;
				DYLIB_INSTALL_NAME_BASE = "@rpath";
				INFOPLIST_FILE = QuizEngine/Info.plist;
				INSTALL_PATH = "$(LOCAL_LIBRARY_DIR)/Frameworks";
				IPHONEOS_DEPLOYMENT_TARGET = 13.4;
				LD_RUNPATH_SEARCH_PATHS = (
					"$(inherited)",
					"@executable_path/Frameworks",
					"@loader_path/Frameworks",
				);
				PRODUCT_BUNDLE_IDENTIFIER = "seboss.QuizEngine-iOS";
				PRODUCT_NAME = QuizEngine;
				SDKROOT = iphoneos;
				SKIP_INSTALL = YES;
				SUPPORTS_MACCATALYST = YES;
				SWIFT_VERSION = 5.0;
				TARGETED_DEVICE_FAMILY = "1,2";
				VALIDATE_PRODUCT = YES;
			};
			name = Release;
		};
		CA4E390E2434DD7F00358485 /* Debug */ = {
			isa = XCBuildConfiguration;
			buildSettings = {
				ALWAYS_EMBED_SWIFT_STANDARD_LIBRARIES = YES;
				CODE_SIGN_STYLE = Automatic;
				DEVELOPMENT_TEAM = YTY3T23FT4;
				INFOPLIST_FILE = QuizEngineTests/Info.plist;
				IPHONEOS_DEPLOYMENT_TARGET = 13.4;
				LD_RUNPATH_SEARCH_PATHS = (
					"$(inherited)",
					"@executable_path/Frameworks",
					"@loader_path/Frameworks",
				);
				PRODUCT_BUNDLE_IDENTIFIER = "seboss.QuizEngine-iOSTests";
				PRODUCT_NAME = QuizEngineTests;
				SDKROOT = iphoneos;
				SWIFT_VERSION = 5.0;
				TARGETED_DEVICE_FAMILY = "1,2";
			};
			name = Debug;
		};
		CA4E390F2434DD7F00358485 /* Release */ = {
			isa = XCBuildConfiguration;
			buildSettings = {
				ALWAYS_EMBED_SWIFT_STANDARD_LIBRARIES = YES;
				CODE_SIGN_STYLE = Automatic;
				DEVELOPMENT_TEAM = YTY3T23FT4;
				INFOPLIST_FILE = QuizEngineTests/Info.plist;
				IPHONEOS_DEPLOYMENT_TARGET = 13.4;
				LD_RUNPATH_SEARCH_PATHS = (
					"$(inherited)",
					"@executable_path/Frameworks",
					"@loader_path/Frameworks",
				);
				PRODUCT_BUNDLE_IDENTIFIER = "seboss.QuizEngine-iOSTests";
				PRODUCT_NAME = QuizEngineTests;
				SDKROOT = iphoneos;
				SWIFT_VERSION = 5.0;
				TARGETED_DEVICE_FAMILY = "1,2";
				VALIDATE_PRODUCT = YES;
			};
			name = Release;
		};
/* End XCBuildConfiguration section */

/* Begin XCConfigurationList section */
		7DDBCB9A235D93F8005A338F /* Build configuration list for PBXProject "QuizEngine" */ = {
			isa = XCConfigurationList;
			buildConfigurations = (
				7DDBCBB2235D93F9005A338F /* Debug */,
				7DDBCBB3235D93F9005A338F /* Release */,
			);
			defaultConfigurationIsVisible = 0;
			defaultConfigurationName = Release;
		};
		7DDBCBB4235D93F9005A338F /* Build configuration list for PBXNativeTarget "QuizEngine" */ = {
			isa = XCConfigurationList;
			buildConfigurations = (
				7DDBCBB5235D93F9005A338F /* Debug */,
				7DDBCBB6235D93F9005A338F /* Release */,
			);
			defaultConfigurationIsVisible = 0;
			defaultConfigurationName = Release;
		};
		7DDBCBB7235D93F9005A338F /* Build configuration list for PBXNativeTarget "QuizEngineTests" */ = {
			isa = XCConfigurationList;
			buildConfigurations = (
				7DDBCBB8235D93F9005A338F /* Debug */,
				7DDBCBB9235D93F9005A338F /* Release */,
			);
			defaultConfigurationIsVisible = 0;
			defaultConfigurationName = Release;
		};
		CA4E390A2434DD7F00358485 /* Build configuration list for PBXNativeTarget "QuizEngine_iOS" */ = {
			isa = XCConfigurationList;
			buildConfigurations = (
				CA4E390B2434DD7F00358485 /* Debug */,
				CA4E390C2434DD7F00358485 /* Release */,
			);
			defaultConfigurationIsVisible = 0;
			defaultConfigurationName = Release;
		};
		CA4E390D2434DD7F00358485 /* Build configuration list for PBXNativeTarget "QuizEngine_iOSTests" */ = {
			isa = XCConfigurationList;
			buildConfigurations = (
				CA4E390E2434DD7F00358485 /* Debug */,
				CA4E390F2434DD7F00358485 /* Release */,
			);
			defaultConfigurationIsVisible = 0;
			defaultConfigurationName = Release;
		};
/* End XCConfigurationList section */
	};
	rootObject = 7DDBCB97235D93F8005A338F /* Project object */;
}
